// !$*UTF8*$!
{
	archiveVersion = 1;
	classes = {
	};
	objectVersion = 46;
	objects = {

/* Begin PBXBuildFile section */
		1674CB411EF418CA006A7056 /* AppDelegate.swift in Sources */ = {isa = PBXBuildFile; fileRef = 1674CB401EF418CA006A7056 /* AppDelegate.swift */; };
		1674CB431EF418CA006A7056 /* ViewController.swift in Sources */ = {isa = PBXBuildFile; fileRef = 1674CB421EF418CA006A7056 /* ViewController.swift */; };
		1674CB461EF418CA006A7056 /* Main.storyboard in Resources */ = {isa = PBXBuildFile; fileRef = 1674CB441EF418CA006A7056 /* Main.storyboard */; };
		1674CB481EF418CA006A7056 /* Assets.xcassets in Resources */ = {isa = PBXBuildFile; fileRef = 1674CB471EF418CA006A7056 /* Assets.xcassets */; };
		1674CB4B1EF418CA006A7056 /* LaunchScreen.storyboard in Resources */ = {isa = PBXBuildFile; fileRef = 1674CB491EF418CA006A7056 /* LaunchScreen.storyboard */; };
		16CEA8F21F501B1500A97FED /* GSTouchesShowingWindow.swift in Sources */ = {isa = PBXBuildFile; fileRef = 16CEA8F11F501B1500A97FED /* GSTouchesShowingWindow.swift */; };
		16CEA8F41F501D1C00A97FED /* GSTouchesShowingController.swift in Sources */ = {isa = PBXBuildFile; fileRef = 16CEA8F31F501D1C00A97FED /* GSTouchesShowingController.swift */; };
		16CEA8F61F502D2D00A97FED /* GSTouchesShowingGestureRecognizer.swift in Sources */ = {isa = PBXBuildFile; fileRef = 16CEA8F51F502D2D00A97FED /* GSTouchesShowingGestureRecognizer.swift */; };
		16CEA8FE1F5033CC00A97FED /* NotificationCenter.framework in Frameworks */ = {isa = PBXBuildFile; fileRef = 16CEA8FD1F5033CC00A97FED /* NotificationCenter.framework */; };
		16CEA9011F5033CC00A97FED /* TodayViewController.swift in Sources */ = {isa = PBXBuildFile; fileRef = 16CEA9001F5033CC00A97FED /* TodayViewController.swift */; };
		16CEA9041F5033CC00A97FED /* MainInterface.storyboard in Resources */ = {isa = PBXBuildFile; fileRef = 16CEA9021F5033CC00A97FED /* MainInterface.storyboard */; };
		16CEA9081F5033CC00A97FED /* Today extension.appex in Embed App Extensions */ = {isa = PBXBuildFile; fileRef = 16CEA8FB1F5033CC00A97FED /* Today extension.appex */; settings = {ATTRIBUTES = (RemoveHeadersOnCopy, ); }; };
		16CEA90D1F50343800A97FED /* GSTouchesShowingWindow.swift in Sources */ = {isa = PBXBuildFile; fileRef = 16CEA8F11F501B1500A97FED /* GSTouchesShowingWindow.swift */; };
		16CEA90E1F50343E00A97FED /* GSTouchesShowingController.swift in Sources */ = {isa = PBXBuildFile; fileRef = 16CEA8F31F501D1C00A97FED /* GSTouchesShowingController.swift */; };
		16CEA90F1F50344200A97FED /* GSTouchesShowingGestureRecognizer.swift in Sources */ = {isa = PBXBuildFile; fileRef = 16CEA8F51F502D2D00A97FED /* GSTouchesShowingGestureRecognizer.swift */; };
/* End PBXBuildFile section */

/* Begin PBXContainerItemProxy section */
		16CEA9061F5033CC00A97FED /* PBXContainerItemProxy */ = {
			isa = PBXContainerItemProxy;
			containerPortal = 1674CB351EF418CA006A7056 /* Project object */;
			proxyType = 1;
			remoteGlobalIDString = 16CEA8FA1F5033CC00A97FED;
			remoteInfo = "Today extension";
		};
/* End PBXContainerItemProxy section */

/* Begin PBXCopyFilesBuildPhase section */
		16CEA90C1F5033CC00A97FED /* Embed App Extensions */ = {
			isa = PBXCopyFilesBuildPhase;
			buildActionMask = 2147483647;
			dstPath = "";
			dstSubfolderSpec = 13;
			files = (
				16CEA9081F5033CC00A97FED /* Today extension.appex in Embed App Extensions */,
			);
			name = "Embed App Extensions";
			runOnlyForDeploymentPostprocessing = 0;
		};
/* End PBXCopyFilesBuildPhase section */

/* Begin PBXFileReference section */
		1674CB3D1EF418CA006A7056 /* GSTouchesShowingWindow-Swift.app */ = {isa = PBXFileReference; explicitFileType = wrapper.application; includeInIndex = 0; path = "GSTouchesShowingWindow-Swift.app"; sourceTree = BUILT_PRODUCTS_DIR; };
		1674CB401EF418CA006A7056 /* AppDelegate.swift */ = {isa = PBXFileReference; lastKnownFileType = sourcecode.swift; path = AppDelegate.swift; sourceTree = "<group>"; };
		1674CB421EF418CA006A7056 /* ViewController.swift */ = {isa = PBXFileReference; lastKnownFileType = sourcecode.swift; path = ViewController.swift; sourceTree = "<group>"; };
		1674CB451EF418CA006A7056 /* Base */ = {isa = PBXFileReference; lastKnownFileType = file.storyboard; name = Base; path = Base.lproj/Main.storyboard; sourceTree = "<group>"; };
		1674CB471EF418CA006A7056 /* Assets.xcassets */ = {isa = PBXFileReference; lastKnownFileType = folder.assetcatalog; path = Assets.xcassets; sourceTree = "<group>"; };
		1674CB4A1EF418CA006A7056 /* Base */ = {isa = PBXFileReference; lastKnownFileType = file.storyboard; name = Base; path = Base.lproj/LaunchScreen.storyboard; sourceTree = "<group>"; };
		1674CB4C1EF418CA006A7056 /* Info.plist */ = {isa = PBXFileReference; lastKnownFileType = text.plist.xml; path = Info.plist; sourceTree = "<group>"; };
		16CEA8F11F501B1500A97FED /* GSTouchesShowingWindow.swift */ = {isa = PBXFileReference; fileEncoding = 4; lastKnownFileType = sourcecode.swift; name = GSTouchesShowingWindow.swift; path = Classes/GSTouchesShowingWindow.swift; sourceTree = "<group>"; };
		16CEA8F31F501D1C00A97FED /* GSTouchesShowingController.swift */ = {isa = PBXFileReference; fileEncoding = 4; lastKnownFileType = sourcecode.swift; name = GSTouchesShowingController.swift; path = Classes/GSTouchesShowingController.swift; sourceTree = "<group>"; };
		16CEA8F51F502D2D00A97FED /* GSTouchesShowingGestureRecognizer.swift */ = {isa = PBXFileReference; fileEncoding = 4; lastKnownFileType = sourcecode.swift; name = GSTouchesShowingGestureRecognizer.swift; path = Classes/GSTouchesShowingGestureRecognizer.swift; sourceTree = "<group>"; };
		16CEA8FB1F5033CC00A97FED /* Today extension.appex */ = {isa = PBXFileReference; explicitFileType = "wrapper.app-extension"; includeInIndex = 0; path = "Today extension.appex"; sourceTree = BUILT_PRODUCTS_DIR; };
		16CEA8FD1F5033CC00A97FED /* NotificationCenter.framework */ = {isa = PBXFileReference; lastKnownFileType = wrapper.framework; name = NotificationCenter.framework; path = System/Library/Frameworks/NotificationCenter.framework; sourceTree = SDKROOT; };
		16CEA9001F5033CC00A97FED /* TodayViewController.swift */ = {isa = PBXFileReference; lastKnownFileType = sourcecode.swift; path = TodayViewController.swift; sourceTree = "<group>"; };
		16CEA9031F5033CC00A97FED /* Base */ = {isa = PBXFileReference; lastKnownFileType = file.storyboard; name = Base; path = Base.lproj/MainInterface.storyboard; sourceTree = "<group>"; };
		16CEA9051F5033CC00A97FED /* Info.plist */ = {isa = PBXFileReference; lastKnownFileType = text.plist.xml; path = Info.plist; sourceTree = "<group>"; };
/* End PBXFileReference section */

/* Begin PBXFrameworksBuildPhase section */
		1674CB3A1EF418CA006A7056 /* Frameworks */ = {
			isa = PBXFrameworksBuildPhase;
			buildActionMask = 2147483647;
			files = (
			);
			runOnlyForDeploymentPostprocessing = 0;
		};
		16CEA8F81F5033CC00A97FED /* Frameworks */ = {
			isa = PBXFrameworksBuildPhase;
			buildActionMask = 2147483647;
			files = (
				16CEA8FE1F5033CC00A97FED /* NotificationCenter.framework in Frameworks */,
			);
			runOnlyForDeploymentPostprocessing = 0;
		};
/* End PBXFrameworksBuildPhase section */

/* Begin PBXGroup section */
		1674CB341EF418CA006A7056 = {
			isa = PBXGroup;
			children = (
				1674CB3F1EF418CA006A7056 /* GSTouchesShowingWindow-Swift */,
				16CEA8FF1F5033CC00A97FED /* Today extension */,
				16CEA8FC1F5033CC00A97FED /* Frameworks */,
				1674CB3E1EF418CA006A7056 /* Products */,
			);
			sourceTree = "<group>";
		};
		1674CB3E1EF418CA006A7056 /* Products */ = {
			isa = PBXGroup;
			children = (
				1674CB3D1EF418CA006A7056 /* GSTouchesShowingWindow-Swift.app */,
				16CEA8FB1F5033CC00A97FED /* Today extension.appex */,
			);
			name = Products;
			sourceTree = "<group>";
		};
		1674CB3F1EF418CA006A7056 /* GSTouchesShowingWindow-Swift */ = {
			isa = PBXGroup;
			children = (
				16CEA8EE1F5019FD00A97FED /* GSTouchesShowingWindow */,
				1674CB401EF418CA006A7056 /* AppDelegate.swift */,
				1674CB421EF418CA006A7056 /* ViewController.swift */,
				1674CB441EF418CA006A7056 /* Main.storyboard */,
				1674CB471EF418CA006A7056 /* Assets.xcassets */,
				1674CB491EF418CA006A7056 /* LaunchScreen.storyboard */,
				1674CB4C1EF418CA006A7056 /* Info.plist */,
			);
			path = "GSTouchesShowingWindow-Swift";
			sourceTree = "<group>";
		};
		16CEA8EE1F5019FD00A97FED /* GSTouchesShowingWindow */ = {
			isa = PBXGroup;
			children = (
				16CEA8F01F501A1200A97FED /* Assets */,
				16CEA8EF1F501A0C00A97FED /* Classes */,
			);
			name = GSTouchesShowingWindow;
			sourceTree = "<group>";
		};
		16CEA8EF1F501A0C00A97FED /* Classes */ = {
			isa = PBXGroup;
			children = (
				16CEA8F11F501B1500A97FED /* GSTouchesShowingWindow.swift */,
				16CEA8F31F501D1C00A97FED /* GSTouchesShowingController.swift */,
				16CEA8F51F502D2D00A97FED /* GSTouchesShowingGestureRecognizer.swift */,
			);
			name = Classes;
			sourceTree = "<group>";
		};
		16CEA8F01F501A1200A97FED /* Assets */ = {
			isa = PBXGroup;
			children = (
			);
			name = Assets;
			sourceTree = "<group>";
		};
		16CEA8FC1F5033CC00A97FED /* Frameworks */ = {
			isa = PBXGroup;
			children = (
				16CEA8FD1F5033CC00A97FED /* NotificationCenter.framework */,
			);
			name = Frameworks;
			sourceTree = "<group>";
		};
		16CEA8FF1F5033CC00A97FED /* Today extension */ = {
			isa = PBXGroup;
			children = (
				16CEA9001F5033CC00A97FED /* TodayViewController.swift */,
				16CEA9021F5033CC00A97FED /* MainInterface.storyboard */,
				16CEA9051F5033CC00A97FED /* Info.plist */,
			);
			path = "Today extension";
			sourceTree = "<group>";
		};
/* End PBXGroup section */

/* Begin PBXNativeTarget section */
		1674CB3C1EF418CA006A7056 /* GSTouchesShowingWindow-Swift */ = {
			isa = PBXNativeTarget;
			buildConfigurationList = 1674CB4F1EF418CA006A7056 /* Build configuration list for PBXNativeTarget "GSTouchesShowingWindow-Swift" */;
			buildPhases = (
				1674CB391EF418CA006A7056 /* Sources */,
				1674CB3A1EF418CA006A7056 /* Frameworks */,
				1674CB3B1EF418CA006A7056 /* Resources */,
				16CEA90C1F5033CC00A97FED /* Embed App Extensions */,
			);
			buildRules = (
			);
			dependencies = (
				16CEA9071F5033CC00A97FED /* PBXTargetDependency */,
			);
			name = "GSTouchesShowingWindow-Swift";
			productName = "GSTouchesShowingWindow-Swift";
			productReference = 1674CB3D1EF418CA006A7056 /* GSTouchesShowingWindow-Swift.app */;
			productType = "com.apple.product-type.application";
		};
		16CEA8FA1F5033CC00A97FED /* Today extension */ = {
			isa = PBXNativeTarget;
			buildConfigurationList = 16CEA9091F5033CC00A97FED /* Build configuration list for PBXNativeTarget "Today extension" */;
			buildPhases = (
				16CEA8F71F5033CC00A97FED /* Sources */,
				16CEA8F81F5033CC00A97FED /* Frameworks */,
				16CEA8F91F5033CC00A97FED /* Resources */,
			);
			buildRules = (
			);
			dependencies = (
			);
			name = "Today extension";
			productName = "Today extension";
			productReference = 16CEA8FB1F5033CC00A97FED /* Today extension.appex */;
			productType = "com.apple.product-type.app-extension";
		};
/* End PBXNativeTarget section */

/* Begin PBXProject section */
		1674CB351EF418CA006A7056 /* Project object */ = {
			isa = PBXProject;
			attributes = {
				LastSwiftUpdateCheck = 0830;
				LastUpgradeCheck = 1010;
				ORGANIZATIONNAME = Glimsoft;
				TargetAttributes = {
					1674CB3C1EF418CA006A7056 = {
						CreatedOnToolsVersion = 8.3.3;
						DevelopmentTeam = BKU6J3C237;
						ProvisioningStyle = Automatic;
					};
					16CEA8FA1F5033CC00A97FED = {
						CreatedOnToolsVersion = 8.3.3;
						DevelopmentTeam = BKU6J3C237;
						ProvisioningStyle = Automatic;
					};
				};
			};
			buildConfigurationList = 1674CB381EF418CA006A7056 /* Build configuration list for PBXProject "GSTouchesShowingWindow-Swift" */;
			compatibilityVersion = "Xcode 3.2";
			developmentRegion = English;
			hasScannedForEncodings = 0;
			knownRegions = (
				en,
				Base,
			);
			mainGroup = 1674CB341EF418CA006A7056;
			productRefGroup = 1674CB3E1EF418CA006A7056 /* Products */;
			projectDirPath = "";
			projectRoot = "";
			targets = (
				1674CB3C1EF418CA006A7056 /* GSTouchesShowingWindow-Swift */,
				16CEA8FA1F5033CC00A97FED /* Today extension */,
			);
		};
/* End PBXProject section */

/* Begin PBXResourcesBuildPhase section */
		1674CB3B1EF418CA006A7056 /* Resources */ = {
			isa = PBXResourcesBuildPhase;
			buildActionMask = 2147483647;
			files = (
				1674CB4B1EF418CA006A7056 /* LaunchScreen.storyboard in Resources */,
				1674CB481EF418CA006A7056 /* Assets.xcassets in Resources */,
				1674CB461EF418CA006A7056 /* Main.storyboard in Resources */,
			);
			runOnlyForDeploymentPostprocessing = 0;
		};
		16CEA8F91F5033CC00A97FED /* Resources */ = {
			isa = PBXResourcesBuildPhase;
			buildActionMask = 2147483647;
			files = (
				16CEA9041F5033CC00A97FED /* MainInterface.storyboard in Resources */,
			);
			runOnlyForDeploymentPostprocessing = 0;
		};
/* End PBXResourcesBuildPhase section */

/* Begin PBXSourcesBuildPhase section */
		1674CB391EF418CA006A7056 /* Sources */ = {
			isa = PBXSourcesBuildPhase;
			buildActionMask = 2147483647;
			files = (
				1674CB431EF418CA006A7056 /* ViewController.swift in Sources */,
				16CEA8F61F502D2D00A97FED /* GSTouchesShowingGestureRecognizer.swift in Sources */,
				1674CB411EF418CA006A7056 /* AppDelegate.swift in Sources */,
				16CEA8F41F501D1C00A97FED /* GSTouchesShowingController.swift in Sources */,
				16CEA8F21F501B1500A97FED /* GSTouchesShowingWindow.swift in Sources */,
			);
			runOnlyForDeploymentPostprocessing = 0;
		};
		16CEA8F71F5033CC00A97FED /* Sources */ = {
			isa = PBXSourcesBuildPhase;
			buildActionMask = 2147483647;
			files = (
				16CEA90E1F50343E00A97FED /* GSTouchesShowingController.swift in Sources */,
				16CEA90F1F50344200A97FED /* GSTouchesShowingGestureRecognizer.swift in Sources */,
				16CEA9011F5033CC00A97FED /* TodayViewController.swift in Sources */,
				16CEA90D1F50343800A97FED /* GSTouchesShowingWindow.swift in Sources */,
			);
			runOnlyForDeploymentPostprocessing = 0;
		};
/* End PBXSourcesBuildPhase section */

/* Begin PBXTargetDependency section */
		16CEA9071F5033CC00A97FED /* PBXTargetDependency */ = {
			isa = PBXTargetDependency;
			target = 16CEA8FA1F5033CC00A97FED /* Today extension */;
			targetProxy = 16CEA9061F5033CC00A97FED /* PBXContainerItemProxy */;
		};
/* End PBXTargetDependency section */

/* Begin PBXVariantGroup section */
		1674CB441EF418CA006A7056 /* Main.storyboard */ = {
			isa = PBXVariantGroup;
			children = (
				1674CB451EF418CA006A7056 /* Base */,
			);
			name = Main.storyboard;
			sourceTree = "<group>";
		};
		1674CB491EF418CA006A7056 /* LaunchScreen.storyboard */ = {
			isa = PBXVariantGroup;
			children = (
				1674CB4A1EF418CA006A7056 /* Base */,
			);
			name = LaunchScreen.storyboard;
			sourceTree = "<group>";
		};
		16CEA9021F5033CC00A97FED /* MainInterface.storyboard */ = {
			isa = PBXVariantGroup;
			children = (
				16CEA9031F5033CC00A97FED /* Base */,
			);
			name = MainInterface.storyboard;
			sourceTree = "<group>";
		};
/* End PBXVariantGroup section */

/* Begin XCBuildConfiguration section */
		1674CB4D1EF418CA006A7056 /* Debug */ = {
			isa = XCBuildConfiguration;
			buildSettings = {
				ALWAYS_SEARCH_USER_PATHS = NO;
				CLANG_ANALYZER_NONNULL = YES;
				CLANG_ANALYZER_NUMBER_OBJECT_CONVERSION = YES_AGGRESSIVE;
				CLANG_CXX_LANGUAGE_STANDARD = "gnu++0x";
				CLANG_CXX_LIBRARY = "libc++";
				CLANG_ENABLE_MODULES = YES;
				CLANG_ENABLE_OBJC_ARC = YES;
				CLANG_WARN_BLOCK_CAPTURE_AUTORELEASING = YES;
				CLANG_WARN_BOOL_CONVERSION = YES;
				CLANG_WARN_COMMA = YES;
				CLANG_WARN_CONSTANT_CONVERSION = YES;
				CLANG_WARN_DEPRECATED_OBJC_IMPLEMENTATIONS = YES;
				CLANG_WARN_DIRECT_OBJC_ISA_USAGE = YES_ERROR;
				CLANG_WARN_DOCUMENTATION_COMMENTS = YES;
				CLANG_WARN_EMPTY_BODY = YES;
				CLANG_WARN_ENUM_CONVERSION = YES;
				CLANG_WARN_INFINITE_RECURSION = YES;
				CLANG_WARN_INT_CONVERSION = YES;
				CLANG_WARN_NON_LITERAL_NULL_CONVERSION = YES;
				CLANG_WARN_OBJC_IMPLICIT_RETAIN_SELF = YES;
				CLANG_WARN_OBJC_LITERAL_CONVERSION = YES;
				CLANG_WARN_OBJC_ROOT_CLASS = YES_ERROR;
				CLANG_WARN_RANGE_LOOP_ANALYSIS = YES;
				CLANG_WARN_STRICT_PROTOTYPES = YES;
				CLANG_WARN_SUSPICIOUS_MOVE = YES;
				CLANG_WARN_UNREACHABLE_CODE = YES;
				CLANG_WARN__DUPLICATE_METHOD_MATCH = YES;
				"CODE_SIGN_IDENTITY[sdk=iphoneos*]" = "iPhone Developer";
				COPY_PHASE_STRIP = NO;
				DEBUG_INFORMATION_FORMAT = dwarf;
				ENABLE_STRICT_OBJC_MSGSEND = YES;
				ENABLE_TESTABILITY = YES;
				GCC_C_LANGUAGE_STANDARD = gnu99;
				GCC_DYNAMIC_NO_PIC = NO;
				GCC_NO_COMMON_BLOCKS = YES;
				GCC_OPTIMIZATION_LEVEL = 0;
				GCC_PREPROCESSOR_DEFINITIONS = (
					"DEBUG=1",
					"$(inherited)",
				);
				GCC_WARN_64_TO_32_BIT_CONVERSION = YES;
				GCC_WARN_ABOUT_RETURN_TYPE = YES_ERROR;
				GCC_WARN_UNDECLARED_SELECTOR = YES;
				GCC_WARN_UNINITIALIZED_AUTOS = YES_AGGRESSIVE;
				GCC_WARN_UNUSED_FUNCTION = YES;
				GCC_WARN_UNUSED_VARIABLE = YES;
				IPHONEOS_DEPLOYMENT_TARGET = 10.3;
				MTL_ENABLE_DEBUG_INFO = YES;
				ONLY_ACTIVE_ARCH = YES;
				SDKROOT = iphoneos;
				SWIFT_ACTIVE_COMPILATION_CONDITIONS = DEBUG;
				SWIFT_OPTIMIZATION_LEVEL = "-Onone";
			};
			name = Debug;
		};
		1674CB4E1EF418CA006A7056 /* Release */ = {
			isa = XCBuildConfiguration;
			buildSettings = {
				ALWAYS_SEARCH_USER_PATHS = NO;
				CLANG_ANALYZER_NONNULL = YES;
				CLANG_ANALYZER_NUMBER_OBJECT_CONVERSION = YES_AGGRESSIVE;
				CLANG_CXX_LANGUAGE_STANDARD = "gnu++0x";
				CLANG_CXX_LIBRARY = "libc++";
				CLANG_ENABLE_MODULES = YES;
				CLANG_ENABLE_OBJC_ARC = YES;
				CLANG_WARN_BLOCK_CAPTURE_AUTORELEASING = YES;
				CLANG_WARN_BOOL_CONVERSION = YES;
				CLANG_WARN_COMMA = YES;
				CLANG_WARN_CONSTANT_CONVERSION = YES;
				CLANG_WARN_DEPRECATED_OBJC_IMPLEMENTATIONS = YES;
				CLANG_WARN_DIRECT_OBJC_ISA_USAGE = YES_ERROR;
				CLANG_WARN_DOCUMENTATION_COMMENTS = YES;
				CLANG_WARN_EMPTY_BODY = YES;
				CLANG_WARN_ENUM_CONVERSION = YES;
				CLANG_WARN_INFINITE_RECURSION = YES;
				CLANG_WARN_INT_CONVERSION = YES;
				CLANG_WARN_NON_LITERAL_NULL_CONVERSION = YES;
				CLANG_WARN_OBJC_IMPLICIT_RETAIN_SELF = YES;
				CLANG_WARN_OBJC_LITERAL_CONVERSION = YES;
				CLANG_WARN_OBJC_ROOT_CLASS = YES_ERROR;
				CLANG_WARN_RANGE_LOOP_ANALYSIS = YES;
				CLANG_WARN_STRICT_PROTOTYPES = YES;
				CLANG_WARN_SUSPICIOUS_MOVE = YES;
				CLANG_WARN_UNREACHABLE_CODE = YES;
				CLANG_WARN__DUPLICATE_METHOD_MATCH = YES;
				"CODE_SIGN_IDENTITY[sdk=iphoneos*]" = "iPhone Developer";
				COPY_PHASE_STRIP = NO;
				DEBUG_INFORMATION_FORMAT = "dwarf-with-dsym";
				ENABLE_NS_ASSERTIONS = NO;
				ENABLE_STRICT_OBJC_MSGSEND = YES;
				GCC_C_LANGUAGE_STANDARD = gnu99;
				GCC_NO_COMMON_BLOCKS = YES;
				GCC_WARN_64_TO_32_BIT_CONVERSION = YES;
				GCC_WARN_ABOUT_RETURN_TYPE = YES_ERROR;
				GCC_WARN_UNDECLARED_SELECTOR = YES;
				GCC_WARN_UNINITIALIZED_AUTOS = YES_AGGRESSIVE;
				GCC_WARN_UNUSED_FUNCTION = YES;
				GCC_WARN_UNUSED_VARIABLE = YES;
				IPHONEOS_DEPLOYMENT_TARGET = 10.3;
				MTL_ENABLE_DEBUG_INFO = NO;
				SDKROOT = iphoneos;
				SWIFT_OPTIMIZATION_LEVEL = "-Owholemodule";
				VALIDATE_PRODUCT = YES;
			};
			name = Release;
		};
		1674CB501EF418CA006A7056 /* Debug */ = {
			isa = XCBuildConfiguration;
			buildSettings = {
				ALWAYS_EMBED_SWIFT_STANDARD_LIBRARIES = YES;
				ASSETCATALOG_COMPILER_APPICON_NAME = AppIcon;
				DEVELOPMENT_TEAM = BKU6J3C237;
				INFOPLIST_FILE = "GSTouchesShowingWindow-Swift/Info.plist";
				LD_RUNPATH_SEARCH_PATHS = "$(inherited) @executable_path/Frameworks";
				PRODUCT_BUNDLE_IDENTIFIER = "com.glimsoft.GSTouchesShowingWindow-Swift";
				PRODUCT_NAME = "$(TARGET_NAME)";
				SWIFT_VERSION = 4.2;
			};
			name = Debug;
		};
		1674CB511EF418CA006A7056 /* Release */ = {
			isa = XCBuildConfiguration;
			buildSettings = {
				ALWAYS_EMBED_SWIFT_STANDARD_LIBRARIES = YES;
				ASSETCATALOG_COMPILER_APPICON_NAME = AppIcon;
				DEVELOPMENT_TEAM = BKU6J3C237;
				INFOPLIST_FILE = "GSTouchesShowingWindow-Swift/Info.plist";
				LD_RUNPATH_SEARCH_PATHS = "$(inherited) @executable_path/Frameworks";
				PRODUCT_BUNDLE_IDENTIFIER = "com.glimsoft.GSTouchesShowingWindow-Swift";
				PRODUCT_NAME = "$(TARGET_NAME)";
				SWIFT_VERSION = 4.2;
			};
			name = Release;
		};
		16CEA90A1F5033CC00A97FED /* Debug */ = {
			isa = XCBuildConfiguration;
			buildSettings = {
				DEVELOPMENT_TEAM = BKU6J3C237;
				INFOPLIST_FILE = "Today extension/Info.plist";
				LD_RUNPATH_SEARCH_PATHS = "$(inherited) @executable_path/Frameworks @executable_path/../../Frameworks";
				PRODUCT_BUNDLE_IDENTIFIER = "com.glimsoft.GSTouchesShowingWindow-Swift.Today-extension";
				PRODUCT_NAME = "$(TARGET_NAME)";
				SKIP_INSTALL = YES;
				SWIFT_VERSION = 4.2;
			};
			name = Debug;
		};
		16CEA90B1F5033CC00A97FED /* Release */ = {
			isa = XCBuildConfiguration;
			buildSettings = {
				DEVELOPMENT_TEAM = BKU6J3C237;
				INFOPLIST_FILE = "Today extension/Info.plist";
				LD_RUNPATH_SEARCH_PATHS = "$(inherited) @executable_path/Frameworks @executable_path/../../Frameworks";
				PRODUCT_BUNDLE_IDENTIFIER = "com.glimsoft.GSTouchesShowingWindow-Swift.Today-extension";
				PRODUCT_NAME = "$(TARGET_NAME)";
				SKIP_INSTALL = YES;
				SWIFT_VERSION = 4.2;
			};
			name = Release;
		};
/* End XCBuildConfiguration section */

/* Begin XCConfigurationList section */
		1674CB381EF418CA006A7056 /* Build configuration list for PBXProject "GSTouchesShowingWindow-Swift" */ = {
			isa = XCConfigurationList;
			buildConfigurations = (
				1674CB4D1EF418CA006A7056 /* Debug */,
				1674CB4E1EF418CA006A7056 /* Release */,
			);
			defaultConfigurationIsVisible = 0;
			defaultConfigurationName = Release;
		};
		1674CB4F1EF418CA006A7056 /* Build configuration list for PBXNativeTarget "GSTouchesShowingWindow-Swift" */ = {
			isa = XCConfigurationList;
			buildConfigurations = (
				1674CB501EF418CA006A7056 /* Debug */,
				1674CB511EF418CA006A7056 /* Release */,
			);
			defaultConfigurationIsVisible = 0;
			defaultConfigurationName = Release;
		};
		16CEA9091F5033CC00A97FED /* Build configuration list for PBXNativeTarget "Today extension" */ = {
			isa = XCConfigurationList;
			buildConfigurations = (
				16CEA90A1F5033CC00A97FED /* Debug */,
				16CEA90B1F5033CC00A97FED /* Release */,
			);
			defaultConfigurationIsVisible = 0;
			defaultConfigurationName = Release;
		};
/* End XCConfigurationList section */
	};
	rootObject = 1674CB351EF418CA006A7056 /* Project object */;
}
